// !$*UTF8*$!
{
	archiveVersion = 1;
	classes = {
	};
	objectVersion = 77;
	objects = {

/* Begin PBXContainerItemProxy section */
		A61F9DA32D07B2CB0003FC13 /* PBXContainerItemProxy */ = {
			isa = PBXContainerItemProxy;
			containerPortal = A61F9D8B2D07B2CA0003FC13 /* Project object */;
			proxyType = 1;
			remoteGlobalIDString = A61F9D922D07B2CA0003FC13;
			remoteInfo = AccessibilityToy;
		};
		A61F9DAD2D07B2CB0003FC13 /* PBXContainerItemProxy */ = {
			isa = PBXContainerItemProxy;
			containerPortal = A61F9D8B2D07B2CA0003FC13 /* Project object */;
			proxyType = 1;
			remoteGlobalIDString = A61F9D922D07B2CA0003FC13;
			remoteInfo = AccessibilityToy;
		};
/* End PBXContainerItemProxy section */

/* Begin PBXFileReference section */
		A61F9D932D07B2CA0003FC13 /* AccessibilityToy.app */ = {isa = PBXFileReference; explicitFileType = wrapper.application; includeInIndex = 0; path = AccessibilityToy.app; sourceTree = BUILT_PRODUCTS_DIR; };
		A61F9DA22D07B2CB0003FC13 /* AccessibilityToyTests.xctest */ = {isa = PBXFileReference; explicitFileType = wrapper.cfbundle; includeInIndex = 0; path = AccessibilityToyTests.xctest; sourceTree = BUILT_PRODUCTS_DIR; };
		A61F9DAC2D07B2CB0003FC13 /* AccessibilityToyUITests.xctest */ = {isa = PBXFileReference; explicitFileType = wrapper.cfbundle; includeInIndex = 0; path = AccessibilityToyUITests.xctest; sourceTree = BUILT_PRODUCTS_DIR; };
/* End PBXFileReference section */

/* Begin PBXFileSystemSynchronizedRootGroup section */
		A61F9D952D07B2CA0003FC13 /* AccessibilityToy */ = {
			isa = PBXFileSystemSynchronizedRootGroup;
			path = AccessibilityToy;
			sourceTree = "<group>";
		};
		A61F9DA52D07B2CB0003FC13 /* AccessibilityToyTests */ = {
			isa = PBXFileSystemSynchronizedRootGroup;
			path = AccessibilityToyTests;
			sourceTree = "<group>";
		};
		A61F9DAF2D07B2CB0003FC13 /* AccessibilityToyUITests */ = {
			isa = PBXFileSystemSynchronizedRootGroup;
			path = AccessibilityToyUITests;
			sourceTree = "<group>";
		};
/* End PBXFileSystemSynchronizedRootGroup section */

/* Begin PBXFrameworksBuildPhase section */
		A61F9D902D07B2CA0003FC13 /* Frameworks */ = {
			isa = PBXFrameworksBuildPhase;
			buildActionMask = 2147483647;
			files = (
			);
			runOnlyForDeploymentPostprocessing = 0;
		};
		A61F9D9F2D07B2CB0003FC13 /* Frameworks */ = {
			isa = PBXFrameworksBuildPhase;
			buildActionMask = 2147483647;
			files = (
			);
			runOnlyForDeploymentPostprocessing = 0;
		};
		A61F9DA92D07B2CB0003FC13 /* Frameworks */ = {
			isa = PBXFrameworksBuildPhase;
			buildActionMask = 2147483647;
			files = (
			);
			runOnlyForDeploymentPostprocessing = 0;
		};
/* End PBXFrameworksBuildPhase section */

/* Begin PBXGroup section */
		A61F9D8A2D07B2CA0003FC13 = {
			isa = PBXGroup;
			children = (
				A61F9D952D07B2CA0003FC13 /* AccessibilityToy */,
				A61F9DA52D07B2CB0003FC13 /* AccessibilityToyTests */,
				A61F9DAF2D07B2CB0003FC13 /* AccessibilityToyUITests */,
				A61F9D942D07B2CA0003FC13 /* Products */,
			);
			sourceTree = "<group>";
		};
		A61F9D942D07B2CA0003FC13 /* Products */ = {
			isa = PBXGroup;
			children = (
				A61F9D932D07B2CA0003FC13 /* AccessibilityToy.app */,
				A61F9DA22D07B2CB0003FC13 /* AccessibilityToyTests.xctest */,
				A61F9DAC2D07B2CB0003FC13 /* AccessibilityToyUITests.xctest */,
			);
			name = Products;
			sourceTree = "<group>";
		};
/* End PBXGroup section */

/* Begin PBXNativeTarget section */
		A61F9D922D07B2CA0003FC13 /* AccessibilityToy */ = {
			isa = PBXNativeTarget;
			buildConfigurationList = A61F9DB62D07B2CB0003FC13 /* Build configuration list for PBXNativeTarget "AccessibilityToy" */;
			buildPhases = (
				A61F9D8F2D07B2CA0003FC13 /* Sources */,
				A61F9D902D07B2CA0003FC13 /* Frameworks */,
				A61F9D912D07B2CA0003FC13 /* Resources */,
			);
			buildRules = (
			);
			dependencies = (
			);
			fileSystemSynchronizedGroups = (
				A61F9D952D07B2CA0003FC13 /* AccessibilityToy */,
			);
			name = AccessibilityToy;
			packageProductDependencies = (
			);
			productName = AccessibilityToy;
			productReference = A61F9D932D07B2CA0003FC13 /* AccessibilityToy.app */;
			productType = "com.apple.product-type.application";
		};
		A61F9DA12D07B2CB0003FC13 /* AccessibilityToyTests */ = {
			isa = PBXNativeTarget;
			buildConfigurationList = A61F9DB92D07B2CB0003FC13 /* Build configuration list for PBXNativeTarget "AccessibilityToyTests" */;
			buildPhases = (
				A61F9D9E2D07B2CB0003FC13 /* Sources */,
				A61F9D9F2D07B2CB0003FC13 /* Frameworks */,
				A61F9DA02D07B2CB0003FC13 /* Resources */,
			);
			buildRules = (
			);
			dependencies = (
				A61F9DA42D07B2CB0003FC13 /* PBXTargetDependency */,
			);
			fileSystemSynchronizedGroups = (
				A61F9DA52D07B2CB0003FC13 /* AccessibilityToyTests */,
			);
			name = AccessibilityToyTests;
			packageProductDependencies = (
			);
			productName = AccessibilityToyTests;
			productReference = A61F9DA22D07B2CB0003FC13 /* AccessibilityToyTests.xctest */;
			productType = "com.apple.product-type.bundle.unit-test";
		};
		A61F9DAB2D07B2CB0003FC13 /* AccessibilityToyUITests */ = {
			isa = PBXNativeTarget;
			buildConfigurationList = A61F9DBC2D07B2CB0003FC13 /* Build configuration list for PBXNativeTarget "AccessibilityToyUITests" */;
			buildPhases = (
				A61F9DA82D07B2CB0003FC13 /* Sources */,
				A61F9DA92D07B2CB0003FC13 /* Frameworks */,
				A61F9DAA2D07B2CB0003FC13 /* Resources */,
			);
			buildRules = (
			);
			dependencies = (
				A61F9DAE2D07B2CB0003FC13 /* PBXTargetDependency */,
			);
			fileSystemSynchronizedGroups = (
				A61F9DAF2D07B2CB0003FC13 /* AccessibilityToyUITests */,
			);
			name = AccessibilityToyUITests;
			packageProductDependencies = (
			);
			productName = AccessibilityToyUITests;
			productReference = A61F9DAC2D07B2CB0003FC13 /* AccessibilityToyUITests.xctest */;
			productType = "com.apple.product-type.bundle.ui-testing";
		};
/* End PBXNativeTarget section */

/* Begin PBXProject section */
		A61F9D8B2D07B2CA0003FC13 /* Project object */ = {
			isa = PBXProject;
			attributes = {
				BuildIndependentTargetsInParallel = 1;
				LastSwiftUpdateCheck = 1610;
				LastUpgradeCheck = 1610;
				TargetAttributes = {
					A61F9D922D07B2CA0003FC13 = {
						CreatedOnToolsVersion = 16.1;
					};
					A61F9DA12D07B2CB0003FC13 = {
						CreatedOnToolsVersion = 16.1;
						TestTargetID = A61F9D922D07B2CA0003FC13;
					};
					A61F9DAB2D07B2CB0003FC13 = {
						CreatedOnToolsVersion = 16.1;
						TestTargetID = A61F9D922D07B2CA0003FC13;
					};
				};
			};
			buildConfigurationList = A61F9D8E2D07B2CA0003FC13 /* Build configuration list for PBXProject "AccessibilityToy" */;
			developmentRegion = en;
			hasScannedForEncodings = 0;
			knownRegions = (
				en,
				Base,
			);
			mainGroup = A61F9D8A2D07B2CA0003FC13;
			minimizedProjectReferenceProxies = 1;
			preferredProjectObjectVersion = 77;
			productRefGroup = A61F9D942D07B2CA0003FC13 /* Products */;
			projectDirPath = "";
			projectRoot = "";
			targets = (
				A61F9D922D07B2CA0003FC13 /* AccessibilityToy */,
				A61F9DA12D07B2CB0003FC13 /* AccessibilityToyTests */,
				A61F9DAB2D07B2CB0003FC13 /* AccessibilityToyUITests */,
			);
		};
/* End PBXProject section */

/* Begin PBXResourcesBuildPhase section */
		A61F9D912D07B2CA0003FC13 /* Resources */ = {
			isa = PBXResourcesBuildPhase;
			buildActionMask = 2147483647;
			files = (
			);
			runOnlyForDeploymentPostprocessing = 0;
		};
		A61F9DA02D07B2CB0003FC13 /* Resources */ = {
			isa = PBXResourcesBuildPhase;
			buildActionMask = 2147483647;
			files = (
			);
			runOnlyForDeploymentPostprocessing = 0;
		};
		A61F9DAA2D07B2CB0003FC13 /* Resources */ = {
			isa = PBXResourcesBuildPhase;
			buildActionMask = 2147483647;
			files = (
			);
			runOnlyForDeploymentPostprocessing = 0;
		};
/* End PBXResourcesBuildPhase section */

/* Begin PBXSourcesBuildPhase section */
		A61F9D8F2D07B2CA0003FC13 /* Sources */ = {
			isa = PBXSourcesBuildPhase;
			buildActionMask = 2147483647;
			files = (
			);
			runOnlyForDeploymentPostprocessing = 0;
		};
		A61F9D9E2D07B2CB0003FC13 /* Sources */ = {
			isa = PBXSourcesBuildPhase;
			buildActionMask = 2147483647;
			files = (
			);
			runOnlyForDeploymentPostprocessing = 0;
		};
		A61F9DA82D07B2CB0003FC13 /* Sources */ = {
			isa = PBXSourcesBuildPhase;
			buildActionMask = 2147483647;
			files = (
			);
			runOnlyForDeploymentPostprocessing = 0;
		};
/* End PBXSourcesBuildPhase section */

/* Begin PBXTargetDependency section */
		A61F9DA42D07B2CB0003FC13 /* PBXTargetDependency */ = {
			isa = PBXTargetDependency;
			target = A61F9D922D07B2CA0003FC13 /* AccessibilityToy */;
			targetProxy = A61F9DA32D07B2CB0003FC13 /* PBXContainerItemProxy */;
		};
		A61F9DAE2D07B2CB0003FC13 /* PBXTargetDependency */ = {
			isa = PBXTargetDependency;
			target = A61F9D922D07B2CA0003FC13 /* AccessibilityToy */;
			targetProxy = A61F9DAD2D07B2CB0003FC13 /* PBXContainerItemProxy */;
		};
/* End PBXTargetDependency section */

/* Begin XCBuildConfiguration section */
		A61F9DB42D07B2CB0003FC13 /* Debug */ = {
			isa = XCBuildConfiguration;
			buildSettings = {
				ALWAYS_SEARCH_USER_PATHS = NO;
				ASSETCATALOG_COMPILER_GENERATE_SWIFT_ASSET_SYMBOL_EXTENSIONS = YES;
				CLANG_ANALYZER_NONNULL = YES;
				CLANG_ANALYZER_NUMBER_OBJECT_CONVERSION = YES_AGGRESSIVE;
				CLANG_CXX_LANGUAGE_STANDARD = "gnu++20";
				CLANG_ENABLE_MODULES = YES;
				CLANG_ENABLE_OBJC_ARC = YES;
				CLANG_ENABLE_OBJC_WEAK = YES;
				CLANG_WARN_BLOCK_CAPTURE_AUTORELEASING = YES;
				CLANG_WARN_BOOL_CONVERSION = YES;
				CLANG_WARN_COMMA = YES;
				CLANG_WARN_CONSTANT_CONVERSION = YES;
				CLANG_WARN_DEPRECATED_OBJC_IMPLEMENTATIONS = YES;
				CLANG_WARN_DIRECT_OBJC_ISA_USAGE = YES_ERROR;
				CLANG_WARN_DOCUMENTATION_COMMENTS = YES;
				CLANG_WARN_EMPTY_BODY = YES;
				CLANG_WARN_ENUM_CONVERSION = YES;
				CLANG_WARN_INFINITE_RECURSION = YES;
				CLANG_WARN_INT_CONVERSION = YES;
				CLANG_WARN_NON_LITERAL_NULL_CONVERSION = YES;
				CLANG_WARN_OBJC_IMPLICIT_RETAIN_SELF = YES;
				CLANG_WARN_OBJC_LITERAL_CONVERSION = YES;
				CLANG_WARN_OBJC_ROOT_CLASS = YES_ERROR;
				CLANG_WARN_QUOTED_INCLUDE_IN_FRAMEWORK_HEADER = YES;
				CLANG_WARN_RANGE_LOOP_ANALYSIS = YES;
				CLANG_WARN_STRICT_PROTOTYPES = YES;
				CLANG_WARN_SUSPICIOUS_MOVE = YES;
				CLANG_WARN_UNGUARDED_AVAILABILITY = YES_AGGRESSIVE;
				CLANG_WARN_UNREACHABLE_CODE = YES;
				CLANG_WARN__DUPLICATE_METHOD_MATCH = YES;
				COPY_PHASE_STRIP = NO;
				DEBUG_INFORMATION_FORMAT = dwarf;
				ENABLE_STRICT_OBJC_MSGSEND = YES;
				ENABLE_TESTABILITY = YES;
				ENABLE_USER_SCRIPT_SANDBOXING = YES;
				GCC_C_LANGUAGE_STANDARD = gnu17;
				GCC_DYNAMIC_NO_PIC = NO;
				GCC_NO_COMMON_BLOCKS = YES;
				GCC_OPTIMIZATION_LEVEL = 0;
				GCC_PREPROCESSOR_DEFINITIONS = (
					"DEBUG=1",
					"$(inherited)",
				);
				GCC_WARN_64_TO_32_BIT_CONVERSION = YES;
				GCC_WARN_ABOUT_RETURN_TYPE = YES_ERROR;
				GCC_WARN_UNDECLARED_SELECTOR = YES;
				GCC_WARN_UNINITIALIZED_AUTOS = YES_AGGRESSIVE;
				GCC_WARN_UNUSED_FUNCTION = YES;
				GCC_WARN_UNUSED_VARIABLE = YES;
				LOCALIZATION_PREFERS_STRING_CATALOGS = YES;
				MACOSX_DEPLOYMENT_TARGET = 15.1;
				MTL_ENABLE_DEBUG_INFO = INCLUDE_SOURCE;
				MTL_FAST_MATH = YES;
				ONLY_ACTIVE_ARCH = YES;
				SDKROOT = macosx;
				SWIFT_ACTIVE_COMPILATION_CONDITIONS = "DEBUG $(inherited)";
				SWIFT_OPTIMIZATION_LEVEL = "-Onone";
			};
			name = Debug;
		};
		A61F9DB52D07B2CB0003FC13 /* Release */ = {
			isa = XCBuildConfiguration;
			buildSettings = {
				ALWAYS_SEARCH_USER_PATHS = NO;
				ASSETCATALOG_COMPILER_GENERATE_SWIFT_ASSET_SYMBOL_EXTENSIONS = YES;
				CLANG_ANALYZER_NONNULL = YES;
				CLANG_ANALYZER_NUMBER_OBJECT_CONVERSION = YES_AGGRESSIVE;
				CLANG_CXX_LANGUAGE_STANDARD = "gnu++20";
				CLANG_ENABLE_MODULES = YES;
				CLANG_ENABLE_OBJC_ARC = YES;
				CLANG_ENABLE_OBJC_WEAK = YES;
				CLANG_WARN_BLOCK_CAPTURE_AUTORELEASING = YES;
				CLANG_WARN_BOOL_CONVERSION = YES;
				CLANG_WARN_COMMA = YES;
				CLANG_WARN_CONSTANT_CONVERSION = YES;
				CLANG_WARN_DEPRECATED_OBJC_IMPLEMENTATIONS = YES;
				CLANG_WARN_DIRECT_OBJC_ISA_USAGE = YES_ERROR;
				CLANG_WARN_DOCUMENTATION_COMMENTS = YES;
				CLANG_WARN_EMPTY_BODY = YES;
				CLANG_WARN_ENUM_CONVERSION = YES;
				CLANG_WARN_INFINITE_RECURSION = YES;
				CLANG_WARN_INT_CONVERSION = YES;
				CLANG_WARN_NON_LITERAL_NULL_CONVERSION = YES;
				CLANG_WARN_OBJC_IMPLICIT_RETAIN_SELF = YES;
				CLANG_WARN_OBJC_LITERAL_CONVERSION = YES;
				CLANG_WARN_OBJC_ROOT_CLASS = YES_ERROR;
				CLANG_WARN_QUOTED_INCLUDE_IN_FRAMEWORK_HEADER = YES;
				CLANG_WARN_RANGE_LOOP_ANALYSIS = YES;
				CLANG_WARN_STRICT_PROTOTYPES = YES;
				CLANG_WARN_SUSPICIOUS_MOVE = YES;
				CLANG_WARN_UNGUARDED_AVAILABILITY = YES_AGGRESSIVE;
				CLANG_WARN_UNREACHABLE_CODE = YES;
				CLANG_WARN__DUPLICATE_METHOD_MATCH = YES;
				COPY_PHASE_STRIP = NO;
				DEBUG_INFORMATION_FORMAT = "dwarf-with-dsym";
				ENABLE_NS_ASSERTIONS = NO;
				ENABLE_STRICT_OBJC_MSGSEND = YES;
				ENABLE_USER_SCRIPT_SANDBOXING = YES;
				GCC_C_LANGUAGE_STANDARD = gnu17;
				GCC_NO_COMMON_BLOCKS = YES;
				GCC_WARN_64_TO_32_BIT_CONVERSION = YES;
				GCC_WARN_ABOUT_RETURN_TYPE = YES_ERROR;
				GCC_WARN_UNDECLARED_SELECTOR = YES;
				GCC_WARN_UNINITIALIZED_AUTOS = YES_AGGRESSIVE;
				GCC_WARN_UNUSED_FUNCTION = YES;
				GCC_WARN_UNUSED_VARIABLE = YES;
				LOCALIZATION_PREFERS_STRING_CATALOGS = YES;
				MACOSX_DEPLOYMENT_TARGET = 15.1;
				MTL_ENABLE_DEBUG_INFO = NO;
				MTL_FAST_MATH = YES;
				SDKROOT = macosx;
				SWIFT_COMPILATION_MODE = wholemodule;
			};
			name = Release;
		};
		A61F9DB72D07B2CB0003FC13 /* Debug */ = {
			isa = XCBuildConfiguration;
			buildSettings = {
				ASSETCATALOG_COMPILER_APPICON_NAME = AppIcon;
				ASSETCATALOG_COMPILER_GLOBAL_ACCENT_COLOR_NAME = AccentColor;
				CODE_SIGN_ENTITLEMENTS = AccessibilityToy/AccessibilityToy.entitlements;
				CODE_SIGN_STYLE = Automatic;
				COMBINE_HIDPI_IMAGES = YES;
				CURRENT_PROJECT_VERSION = 1;
				DEVELOPMENT_TEAM = H7V7XYVQ7D;
				ENABLE_HARDENED_RUNTIME = YES;
				GENERATE_INFOPLIST_FILE = YES;
				INFOPLIST_KEY_NSHumanReadableCopyright = "";
				INFOPLIST_KEY_NSMainNibFile = MainMenu;
				INFOPLIST_KEY_NSPrincipalClass = NSApplication;
				LD_RUNPATH_SEARCH_PATHS = (
					"$(inherited)",
					"@executable_path/../Frameworks",
				);
				MARKETING_VERSION = 1.0;
				PRODUCT_BUNDLE_IDENTIFIER = com.themcnachmans.AccessibilityToy;
				PRODUCT_NAME = "$(TARGET_NAME)";
				SWIFT_EMIT_LOC_STRINGS = YES;
				SWIFT_VERSION = 5.0;
			};
			name = Debug;
		};
		A61F9DB82D07B2CB0003FC13 /* Release */ = {
			isa = XCBuildConfiguration;
			buildSettings = {
				ASSETCATALOG_COMPILER_APPICON_NAME = AppIcon;
				ASSETCATALOG_COMPILER_GLOBAL_ACCENT_COLOR_NAME = AccentColor;
				CODE_SIGN_ENTITLEMENTS = AccessibilityToy/AccessibilityToy.entitlements;
				CODE_SIGN_STYLE = Automatic;
				COMBINE_HIDPI_IMAGES = YES;
				CURRENT_PROJECT_VERSION = 1;
				DEVELOPMENT_TEAM = H7V7XYVQ7D;
				ENABLE_HARDENED_RUNTIME = YES;
				GENERATE_INFOPLIST_FILE = YES;
				INFOPLIST_KEY_NSHumanReadableCopyright = "";
				INFOPLIST_KEY_NSMainNibFile = MainMenu;
				INFOPLIST_KEY_NSPrincipalClass = NSApplication;
				LD_RUNPATH_SEARCH_PATHS = (
					"$(inherited)",
					"@executable_path/../Frameworks",
				);
				MARKETING_VERSION = 1.0;
				PRODUCT_BUNDLE_IDENTIFIER = com.themcnachmans.AccessibilityToy;
				PRODUCT_NAME = "$(TARGET_NAME)";
				SWIFT_EMIT_LOC_STRINGS = YES;
				SWIFT_VERSION = 5.0;
			};
			name = Release;
		};
		A61F9DBA2D07B2CB0003FC13 /* Debug */ = {
			isa = XCBuildConfiguration;
			buildSettings = {
				BUNDLE_LOADER = "$(TEST_HOST)";
				CODE_SIGN_STYLE = Automatic;
				CURRENT_PROJECT_VERSION = 1;
				DEVELOPMENT_TEAM = H7V7XYVQ7D;
				GENERATE_INFOPLIST_FILE = YES;
				MACOSX_DEPLOYMENT_TARGET = 15.1;
				MARKETING_VERSION = 1.0;
				PRODUCT_BUNDLE_IDENTIFIER = com.themcnachmans.AccessibilityToyTests;
				PRODUCT_NAME = "$(TARGET_NAME)";
				SWIFT_EMIT_LOC_STRINGS = NO;
				SWIFT_VERSION = 5.0;
				TEST_HOST = "$(BUILT_PRODUCTS_DIR)/AccessibilityToy.app/$(BUNDLE_EXECUTABLE_FOLDER_PATH)/AccessibilityToy";
			};
			name = Debug;
		};
		A61F9DBB2D07B2CB0003FC13 /* Release */ = {
			isa = XCBuildConfiguration;
			buildSettings = {
				BUNDLE_LOADER = "$(TEST_HOST)";
				CODE_SIGN_STYLE = Automatic;
				CURRENT_PROJECT_VERSION = 1;
				DEVELOPMENT_TEAM = H7V7XYVQ7D;
				GENERATE_INFOPLIST_FILE = YES;
				MACOSX_DEPLOYMENT_TARGET = 15.1;
				MARKETING_VERSION = 1.0;
				PRODUCT_BUNDLE_IDENTIFIER = com.themcnachmans.AccessibilityToyTests;
				PRODUCT_NAME = "$(TARGET_NAME)";
				SWIFT_EMIT_LOC_STRINGS = NO;
				SWIFT_VERSION = 5.0;
				TEST_HOST = "$(BUILT_PRODUCTS_DIR)/AccessibilityToy.app/$(BUNDLE_EXECUTABLE_FOLDER_PATH)/AccessibilityToy";
			};
			name = Release;
		};
		A61F9DBD2D07B2CB0003FC13 /* Debug */ = {
			isa = XCBuildConfiguration;
			buildSettings = {
				CODE_SIGN_STYLE = Automatic;
				CURRENT_PROJECT_VERSION = 1;
				DEVELOPMENT_TEAM = H7V7XYVQ7D;
				GENERATE_INFOPLIST_FILE = YES;
				MARKETING_VERSION = 1.0;
				PRODUCT_BUNDLE_IDENTIFIER = com.themcnachmans.AccessibilityToyUITests;
				PRODUCT_NAME = "$(TARGET_NAME)";
				SWIFT_EMIT_LOC_STRINGS = NO;
				SWIFT_VERSION = 5.0;
				TEST_TARGET_NAME = AccessibilityToy;
			};
			name = Debug;
		};
		A61F9DBE2D07B2CB0003FC13 /* Release */ = {
			isa = XCBuildConfiguration;
			buildSettings = {
				CODE_SIGN_STYLE = Automatic;
				CURRENT_PROJECT_VERSION = 1;
				DEVELOPMENT_TEAM = H7V7XYVQ7D;
				GENERATE_INFOPLIST_FILE = YES;
				MARKETING_VERSION = 1.0;
				PRODUCT_BUNDLE_IDENTIFIER = com.themcnachmans.AccessibilityToyUITests;
				PRODUCT_NAME = "$(TARGET_NAME)";
				SWIFT_EMIT_LOC_STRINGS = NO;
				SWIFT_VERSION = 5.0;
				TEST_TARGET_NAME = AccessibilityToy;
			};
			name = Release;
		};
/* End XCBuildConfiguration section */

/* Begin XCConfigurationList section */
		A61F9D8E2D07B2CA0003FC13 /* Build configuration list for PBXProject "AccessibilityToy" */ = {
			isa = XCConfigurationList;
			buildConfigurations = (
				A61F9DB42D07B2CB0003FC13 /* Debug */,
				A61F9DB52D07B2CB0003FC13 /* Release */,
			);
			defaultConfigurationIsVisible = 0;
			defaultConfigurationName = Release;
		};
		A61F9DB62D07B2CB0003FC13 /* Build configuration list for PBXNativeTarget "AccessibilityToy" */ = {
			isa = XCConfigurationList;
			buildConfigurations = (
				A61F9DB72D07B2CB0003FC13 /* Debug */,
				A61F9DB82D07B2CB0003FC13 /* Release */,
			);
			defaultConfigurationIsVisible = 0;
			defaultConfigurationName = Release;
		};
		A61F9DB92D07B2CB0003FC13 /* Build configuration list for PBXNativeTarget "AccessibilityToyTests" */ = {
			isa = XCConfigurationList;
			buildConfigurations = (
				A61F9DBA2D07B2CB0003FC13 /* Debug */,
				A61F9DBB2D07B2CB0003FC13 /* Release */,
			);
			defaultConfigurationIsVisible = 0;
			defaultConfigurationName = Release;
		};
		A61F9DBC2D07B2CB0003FC13 /* Build configuration list for PBXNativeTarget "AccessibilityToyUITests" */ = {
			isa = XCConfigurationList;
			buildConfigurations = (
				A61F9DBD2D07B2CB0003FC13 /* Debug */,
				A61F9DBE2D07B2CB0003FC13 /* Release */,
			);
			defaultConfigurationIsVisible = 0;
			defaultConfigurationName = Release;
		};
/* End XCConfigurationList section */
	};
	rootObject = A61F9D8B2D07B2CA0003FC13 /* Project object */;
}
